# Code generated by scarb DO NOT EDIT.
version = 1

[[package]]
name = "erc5006_cairo"
version = "0.1.0"
dependencies = [
 "snforge_std",
]

[[package]]
name = "snforge_scarb_plugin"
version = "0.34.0"
source = "git+https://github.com/foundry-rs/starknet-foundry?tag=v0.34.0#d6976d4635cbe69bd199fd502788c469d408ed2d"

[[package]]
name = "snforge_std"
version = "0.34.0"
source = "git+https://github.com/foundry-rs/starknet-foundry?tag=v0.34.0#d6976d4635cbe69bd199fd502788c469d408ed2d"
dependencies = [
 "snforge_scarb_plugin",
]
