# Code generated by scarb DO NOT EDIT.
version = 1

[[package]]
name = "alexandria_storage"
version = "0.3.0"
source = "git+https://github.com/keep-starknet-strange/alexandria.git#95d98a5182001d07673b856a356eff0e6bd05354"

[[package]]
name = "flex_cross_chain_intents"
version = "0.1.0"
dependencies = [
 "alexandria_storage",
 "snforge_std",
]

[[package]]
name = "snforge_std"
version = "0.1.0"
source = "git+https://github.com/foundry-rs/starknet-foundry.git?tag=v0.10.1#2f1597fb724b7df3050468bd0e6a8a3a0e225001"
