# Code generated by scarb DO NOT EDIT.
version = 1

[[package]]
name = "alexandria_storage"
version = "0.2.0"
source = "git+https://github.com/keep-starknet-strange/alexandria.git?tag=cairo-v2.3.0-rc0#ae1d5149ff601a7ac5b39edc867d33ebd83d7f4f"

[[package]]
name = "marketplace"
version = "0.1.0"
dependencies = [
 "alexandria_storage",
 "openzeppelin",
 "snforge_std",
]

[[package]]
name = "openzeppelin"
version = "0.10.0"
source = "git+https://github.com/openzeppelin/cairo-contracts?tag=v0.10.0#d77082732daab2690ba50742ea41080eb23299d3"

[[package]]
name = "snforge_std"
version = "0.26.0"
source = "git+https://github.com/foundry-rs/starknet-foundry.git?tag=v0.26.0#50eb589db65e113efe4f09241feb59b574228c7e"
