# Code generated by scarb DO NOT EDIT.
version = 1

[[package]]
name = "flex"
version = "0.1.0"
dependencies = [
 "openzeppelin",
 "snforge_std",
]

[[package]]
name = "openzeppelin"
version = "0.8.0"
source = "git+https://github.com/openzeppelin/cairo-contracts?tag=v0.8.0#c23e8e96de60e6e3159b1ff8591a1187269c0eb7"

[[package]]
name = "snforge_std"
version = "0.1.0"
source = "git+https://github.com/foundry-rs/starknet-foundry.git?tag=v0.13.0#99c2f9d33159988efd339bd969c78d82b0b4b6f7"
